
Microsoft Visual Studio Solution File, Format Version 12.00
# Visual Studio Version 17
VisualStudioVersion = 17.9.34728.123
MinimumVisualStudioVersion = 10.0.40219.1
Project("{FAE04EC0-301F-11D3-BF4B-00C04F79EFBC}") = "SkincareWebBackend.API", "src\SkincareWebBackend.API\SkincareWebBackend.API.csproj", "{337E078D-5E4D-4C11-A788-90BAC8073F7C}"
EndProject
Project("{FAE04EC0-301F-11D3-BF4B-00C04F79EFBC}") = "SkincareWeb.CustomerSite", "src\SkincareWeb.CustomerSite\SkincareWeb.CustomerSite.csproj", "{D5AA3DA9-B630-41A2-B1C3-E7AE119DA61A}"
EndProject
Project("{FAE04EC0-301F-11D3-BF4B-00C04F79EFBC}") = "SkincareWeb.ViewModels", "src\SkincareWeb.ViewModels\SkincareWeb.ViewModels.csproj", "{BAD2E096-8973-4659-AF2C-10B7BB4A3B26}"
EndProject
Global
	GlobalSection(SolutionConfigurationPlatforms) = preSolution
		Debug|Any CPU = Debug|Any CPU
		Release|Any CPU = Release|Any CPU
	EndGlobalSection
	GlobalSection(ProjectConfigurationPlatforms) = postSolution
		{337E078D-5E4D-4C11-A788-90BAC8073F7C}.Debug|Any CPU.ActiveCfg = Debug|Any CPU
		{337E078D-5E4D-4C11-A788-90BAC8073F7C}.Debug|Any CPU.Build.0 = Debug|Any CPU
		{337E078D-5E4D-4C11-A788-90BAC8073F7C}.Release|Any CPU.ActiveCfg = Release|Any CPU
		{337E078D-5E4D-4C11-A788-90BAC8073F7C}.Release|Any CPU.Build.0 = Release|Any CPU
		{D5AA3DA9-B630-41A2-B1C3-E7AE119DA61A}.Debug|Any CPU.ActiveCfg = Debug|Any CPU
		{D5AA3DA9-B630-41A2-B1C3-E7AE119DA61A}.Debug|Any CPU.Build.0 = Debug|Any CPU
		{D5AA3DA9-B630-41A2-B1C3-E7AE119DA61A}.Release|Any CPU.ActiveCfg = Release|Any CPU
		{D5AA3DA9-B630-41A2-B1C3-E7AE119DA61A}.Release|Any CPU.Build.0 = Release|Any CPU
		{BAD2E096-8973-4659-AF2C-10B7BB4A3B26}.Debug|Any CPU.ActiveCfg = Debug|Any CPU
		{BAD2E096-8973-4659-AF2C-10B7BB4A3B26}.Debug|Any CPU.Build.0 = Debug|Any CPU
		{BAD2E096-8973-4659-AF2C-10B7BB4A3B26}.Release|Any CPU.ActiveCfg = Release|Any CPU
		{BAD2E096-8973-4659-AF2C-10B7BB4A3B26}.Release|Any CPU.Build.0 = Release|Any CPU
	EndGlobalSection
	GlobalSection(SolutionProperties) = preSolution
		HideSolutionNode = FALSE
	EndGlobalSection
	GlobalSection(ExtensibilityGlobals) = postSolution
		SolutionGuid = {94D95F63-12DD-4285-8D9B-683F89B1C8FA}
	EndGlobalSection
EndGlobal
